// !$*UTF8*$!
{
	archiveVersion = 1;
	classes = {
	};
	objectVersion = 56;
	objects = {

/* Begin PBXBuildFile section */
		213845632BF1087A00D9112A /* stanfordTrialAppApp.swift in Sources */ = {isa = PBXBuildFile; fileRef = 213845622BF1087A00D9112A /* stanfordTrialAppApp.swift */; };
		213845652BF1087A00D9112A /* ContentView.swift in Sources */ = {isa = PBXBuildFile; fileRef = 213845642BF1087A00D9112A /* ContentView.swift */; };
		213845672BF1087C00D9112A /* Assets.xcassets in Resources */ = {isa = PBXBuildFile; fileRef = 213845662BF1087C00D9112A /* Assets.xcassets */; };
		2138456A2BF1087C00D9112A /* Preview Assets.xcassets in Resources */ = {isa = PBXBuildFile; fileRef = 213845692BF1087C00D9112A /* Preview Assets.xcassets */; };
		2138456C2BF1087C00D9112A /* Persistence.swift in Sources */ = {isa = PBXBuildFile; fileRef = 2138456B2BF1087C00D9112A /* Persistence.swift */; };
		2138456F2BF1087C00D9112A /* stanfordTrialApp.xcdatamodeld in Sources */ = {isa = PBXBuildFile; fileRef = 2138456D2BF1087C00D9112A /* stanfordTrialApp.xcdatamodeld */; };
		2138457A2BF1087C00D9112A /* stanfordTrialAppTests.swift in Sources */ = {isa = PBXBuildFile; fileRef = 213845792BF1087C00D9112A /* stanfordTrialAppTests.swift */; };
		213845842BF1087C00D9112A /* stanfordTrialAppUITests.swift in Sources */ = {isa = PBXBuildFile; fileRef = 213845832BF1087C00D9112A /* stanfordTrialAppUITests.swift */; };
		213845862BF1087C00D9112A /* stanfordTrialAppUITestsLaunchTests.swift in Sources */ = {isa = PBXBuildFile; fileRef = 213845852BF1087C00D9112A /* stanfordTrialAppUITestsLaunchTests.swift */; };
/* End PBXBuildFile section */

/* Begin PBXContainerItemProxy section */
		213845762BF1087C00D9112A /* PBXContainerItemProxy */ = {
			isa = PBXContainerItemProxy;
			containerPortal = 213845572BF1087A00D9112A /* Project object */;
			proxyType = 1;
			remoteGlobalIDString = 2138455E2BF1087A00D9112A;
			remoteInfo = stanfordTrialApp;
		};
		213845802BF1087C00D9112A /* PBXContainerItemProxy */ = {
			isa = PBXContainerItemProxy;
			containerPortal = 213845572BF1087A00D9112A /* Project object */;
			proxyType = 1;
			remoteGlobalIDString = 2138455E2BF1087A00D9112A;
			remoteInfo = stanfordTrialApp;
		};
/* End PBXContainerItemProxy section */

/* Begin PBXFileReference section */
		2138455F2BF1087A00D9112A /* stanfordTrialApp.app */ = {isa = PBXFileReference; explicitFileType = wrapper.application; includeInIndex = 0; path = stanfordTrialApp.app; sourceTree = BUILT_PRODUCTS_DIR; };
		213845622BF1087A00D9112A /* stanfordTrialAppApp.swift */ = {isa = PBXFileReference; lastKnownFileType = sourcecode.swift; path = stanfordTrialAppApp.swift; sourceTree = "<group>"; };
		213845642BF1087A00D9112A /* ContentView.swift */ = {isa = PBXFileReference; lastKnownFileType = sourcecode.swift; path = ContentView.swift; sourceTree = "<group>"; };
		213845662BF1087C00D9112A /* Assets.xcassets */ = {isa = PBXFileReference; lastKnownFileType = folder.assetcatalog; path = Assets.xcassets; sourceTree = "<group>"; };
		213845692BF1087C00D9112A /* Preview Assets.xcassets */ = {isa = PBXFileReference; lastKnownFileType = folder.assetcatalog; path = "Preview Assets.xcassets"; sourceTree = "<group>"; };
		2138456B2BF1087C00D9112A /* Persistence.swift */ = {isa = PBXFileReference; lastKnownFileType = sourcecode.swift; path = Persistence.swift; sourceTree = "<group>"; };
		2138456E2BF1087C00D9112A /* stanfordTrialApp.xcdatamodel */ = {isa = PBXFileReference; lastKnownFileType = wrapper.xcdatamodel; path = stanfordTrialApp.xcdatamodel; sourceTree = "<group>"; };
		213845702BF1087C00D9112A /* Info.plist */ = {isa = PBXFileReference; lastKnownFileType = text.plist.xml; path = Info.plist; sourceTree = "<group>"; };
		213845752BF1087C00D9112A /* stanfordTrialAppTests.xctest */ = {isa = PBXFileReference; explicitFileType = wrapper.cfbundle; includeInIndex = 0; path = stanfordTrialAppTests.xctest; sourceTree = BUILT_PRODUCTS_DIR; };
		213845792BF1087C00D9112A /* stanfordTrialAppTests.swift */ = {isa = PBXFileReference; lastKnownFileType = sourcecode.swift; path = stanfordTrialAppTests.swift; sourceTree = "<group>"; };
		2138457F2BF1087C00D9112A /* stanfordTrialAppUITests.xctest */ = {isa = PBXFileReference; explicitFileType = wrapper.cfbundle; includeInIndex = 0; path = stanfordTrialAppUITests.xctest; sourceTree = BUILT_PRODUCTS_DIR; };
		213845832BF1087C00D9112A /* stanfordTrialAppUITests.swift */ = {isa = PBXFileReference; lastKnownFileType = sourcecode.swift; path = stanfordTrialAppUITests.swift; sourceTree = "<group>"; };
		213845852BF1087C00D9112A /* stanfordTrialAppUITestsLaunchTests.swift */ = {isa = PBXFileReference; lastKnownFileType = sourcecode.swift; path = stanfordTrialAppUITestsLaunchTests.swift; sourceTree = "<group>"; };
/* End PBXFileReference section */

/* Begin PBXFrameworksBuildPhase section */
		2138455C2BF1087A00D9112A /* Frameworks */ = {
			isa = PBXFrameworksBuildPhase;
			buildActionMask = 2147483647;
			files = (
			);
			runOnlyForDeploymentPostprocessing = 0;
		};
		213845722BF1087C00D9112A /* Frameworks */ = {
			isa = PBXFrameworksBuildPhase;
			buildActionMask = 2147483647;
			files = (
			);
			runOnlyForDeploymentPostprocessing = 0;
		};
		2138457C2BF1087C00D9112A /* Frameworks */ = {
			isa = PBXFrameworksBuildPhase;
			buildActionMask = 2147483647;
			files = (
			);
			runOnlyForDeploymentPostprocessing = 0;
		};
/* End PBXFrameworksBuildPhase section */

/* Begin PBXGroup section */
		213845562BF1087A00D9112A = {
			isa = PBXGroup;
			children = (
				213845612BF1087A00D9112A /* stanfordTrialApp */,
				213845782BF1087C00D9112A /* stanfordTrialAppTests */,
				213845822BF1087C00D9112A /* stanfordTrialAppUITests */,
				213845602BF1087A00D9112A /* Products */,
			);
			sourceTree = "<group>";
		};
		213845602BF1087A00D9112A /* Products */ = {
			isa = PBXGroup;
			children = (
				2138455F2BF1087A00D9112A /* stanfordTrialApp.app */,
				213845752BF1087C00D9112A /* stanfordTrialAppTests.xctest */,
				2138457F2BF1087C00D9112A /* stanfordTrialAppUITests.xctest */,
			);
			name = Products;
			sourceTree = "<group>";
		};
		213845612BF1087A00D9112A /* stanfordTrialApp */ = {
			isa = PBXGroup;
			children = (
				213845622BF1087A00D9112A /* stanfordTrialAppApp.swift */,
				213845642BF1087A00D9112A /* ContentView.swift */,
				213845662BF1087C00D9112A /* Assets.xcassets */,
				2138456B2BF1087C00D9112A /* Persistence.swift */,
				213845702BF1087C00D9112A /* Info.plist */,
				2138456D2BF1087C00D9112A /* stanfordTrialApp.xcdatamodeld */,
				213845682BF1087C00D9112A /* Preview Content */,
			);
			path = stanfordTrialApp;
			sourceTree = "<group>";
		};
		213845682BF1087C00D9112A /* Preview Content */ = {
			isa = PBXGroup;
			children = (
				213845692BF1087C00D9112A /* Preview Assets.xcassets */,
			);
			path = "Preview Content";
			sourceTree = "<group>";
		};
		213845782BF1087C00D9112A /* stanfordTrialAppTests */ = {
			isa = PBXGroup;
			children = (
				213845792BF1087C00D9112A /* stanfordTrialAppTests.swift */,
			);
			path = stanfordTrialAppTests;
			sourceTree = "<group>";
		};
		213845822BF1087C00D9112A /* stanfordTrialAppUITests */ = {
			isa = PBXGroup;
			children = (
				213845832BF1087C00D9112A /* stanfordTrialAppUITests.swift */,
				213845852BF1087C00D9112A /* stanfordTrialAppUITestsLaunchTests.swift */,
			);
			path = stanfordTrialAppUITests;
			sourceTree = "<group>";
		};
/* End PBXGroup section */

/* Begin PBXNativeTarget section */
		2138455E2BF1087A00D9112A /* stanfordTrialApp */ = {
			isa = PBXNativeTarget;
			buildConfigurationList = 213845892BF1087C00D9112A /* Build configuration list for PBXNativeTarget "stanfordTrialApp" */;
			buildPhases = (
				2138455B2BF1087A00D9112A /* Sources */,
				2138455C2BF1087A00D9112A /* Frameworks */,
				2138455D2BF1087A00D9112A /* Resources */,
			);
			buildRules = (
			);
			dependencies = (
			);
			name = stanfordTrialApp;
			productName = stanfordTrialApp;
			productReference = 2138455F2BF1087A00D9112A /* stanfordTrialApp.app */;
			productType = "com.apple.product-type.application";
		};
		213845742BF1087C00D9112A /* stanfordTrialAppTests */ = {
			isa = PBXNativeTarget;
			buildConfigurationList = 2138458C2BF1087C00D9112A /* Build configuration list for PBXNativeTarget "stanfordTrialAppTests" */;
			buildPhases = (
				213845712BF1087C00D9112A /* Sources */,
				213845722BF1087C00D9112A /* Frameworks */,
				213845732BF1087C00D9112A /* Resources */,
			);
			buildRules = (
			);
			dependencies = (
				213845772BF1087C00D9112A /* PBXTargetDependency */,
			);
			name = stanfordTrialAppTests;
			productName = stanfordTrialAppTests;
			productReference = 213845752BF1087C00D9112A /* stanfordTrialAppTests.xctest */;
			productType = "com.apple.product-type.bundle.unit-test";
		};
		2138457E2BF1087C00D9112A /* stanfordTrialAppUITests */ = {
			isa = PBXNativeTarget;
			buildConfigurationList = 2138458F2BF1087C00D9112A /* Build configuration list for PBXNativeTarget "stanfordTrialAppUITests" */;
			buildPhases = (
				2138457B2BF1087C00D9112A /* Sources */,
				2138457C2BF1087C00D9112A /* Frameworks */,
				2138457D2BF1087C00D9112A /* Resources */,
			);
			buildRules = (
			);
			dependencies = (
				213845812BF1087C00D9112A /* PBXTargetDependency */,
			);
			name = stanfordTrialAppUITests;
			productName = stanfordTrialAppUITests;
			productReference = 2138457F2BF1087C00D9112A /* stanfordTrialAppUITests.xctest */;
			productType = "com.apple.product-type.bundle.ui-testing";
		};
/* End PBXNativeTarget section */

/* Begin PBXProject section */
		213845572BF1087A00D9112A /* Project object */ = {
			isa = PBXProject;
			attributes = {
				BuildIndependentTargetsInParallel = 1;
				LastSwiftUpdateCheck = 1410;
				LastUpgradeCheck = 1410;
				TargetAttributes = {
					2138455E2BF1087A00D9112A = {
						CreatedOnToolsVersion = 14.1;
					};
					213845742BF1087C00D9112A = {
						CreatedOnToolsVersion = 14.1;
						TestTargetID = 2138455E2BF1087A00D9112A;
					};
					2138457E2BF1087C00D9112A = {
						CreatedOnToolsVersion = 14.1;
						TestTargetID = 2138455E2BF1087A00D9112A;
					};
				};
			};
			buildConfigurationList = 2138455A2BF1087A00D9112A /* Build configuration list for PBXProject "stanfordTrialApp" */;
			compatibilityVersion = "Xcode 14.0";
			developmentRegion = en;
			hasScannedForEncodings = 0;
			knownRegions = (
				en,
				Base,
			);
			mainGroup = 213845562BF1087A00D9112A;
			productRefGroup = 213845602BF1087A00D9112A /* Products */;
			projectDirPath = "";
			projectRoot = "";
			targets = (
				2138455E2BF1087A00D9112A /* stanfordTrialApp */,
				213845742BF1087C00D9112A /* stanfordTrialAppTests */,
				2138457E2BF1087C00D9112A /* stanfordTrialAppUITests */,
			);
		};
/* End PBXProject section */

/* Begin PBXResourcesBuildPhase section */
		2138455D2BF1087A00D9112A /* Resources */ = {
			isa = PBXResourcesBuildPhase;
			buildActionMask = 2147483647;
			files = (
				2138456A2BF1087C00D9112A /* Preview Assets.xcassets in Resources */,
				213845672BF1087C00D9112A /* Assets.xcassets in Resources */,
			);
			runOnlyForDeploymentPostprocessing = 0;
		};
		213845732BF1087C00D9112A /* Resources */ = {
			isa = PBXResourcesBuildPhase;
			buildActionMask = 2147483647;
			files = (
			);
			runOnlyForDeploymentPostprocessing = 0;
		};
		2138457D2BF1087C00D9112A /* Resources */ = {
			isa = PBXResourcesBuildPhase;
			buildActionMask = 2147483647;
			files = (
			);
			runOnlyForDeploymentPostprocessing = 0;
		};
/* End PBXResourcesBuildPhase section */

/* Begin PBXSourcesBuildPhase section */
		2138455B2BF1087A00D9112A /* Sources */ = {
			isa = PBXSourcesBuildPhase;
			buildActionMask = 2147483647;
			files = (
				2138456C2BF1087C00D9112A /* Persistence.swift in Sources */,
				213845652BF1087A00D9112A /* ContentView.swift in Sources */,
				213845632BF1087A00D9112A /* stanfordTrialAppApp.swift in Sources */,
				2138456F2BF1087C00D9112A /* stanfordTrialApp.xcdatamodeld in Sources */,
			);
			runOnlyForDeploymentPostprocessing = 0;
		};
		213845712BF1087C00D9112A /* Sources */ = {
			isa = PBXSourcesBuildPhase;
			buildActionMask = 2147483647;
			files = (
				2138457A2BF1087C00D9112A /* stanfordTrialAppTests.swift in Sources */,
			);
			runOnlyForDeploymentPostprocessing = 0;
		};
		2138457B2BF1087C00D9112A /* Sources */ = {
			isa = PBXSourcesBuildPhase;
			buildActionMask = 2147483647;
			files = (
				213845862BF1087C00D9112A /* stanfordTrialAppUITestsLaunchTests.swift in Sources */,
				213845842BF1087C00D9112A /* stanfordTrialAppUITests.swift in Sources */,
			);
			runOnlyForDeploymentPostprocessing = 0;
		};
/* End PBXSourcesBuildPhase section */

/* Begin PBXTargetDependency section */
		213845772BF1087C00D9112A /* PBXTargetDependency */ = {
			isa = PBXTargetDependency;
			target = 2138455E2BF1087A00D9112A /* stanfordTrialApp */;
			targetProxy = 213845762BF1087C00D9112A /* PBXContainerItemProxy */;
		};
		213845812BF1087C00D9112A /* PBXTargetDependency */ = {
			isa = PBXTargetDependency;
			target = 2138455E2BF1087A00D9112A /* stanfordTrialApp */;
			targetProxy = 213845802BF1087C00D9112A /* PBXContainerItemProxy */;
		};
/* End PBXTargetDependency section */

/* Begin XCBuildConfiguration section */
		213845872BF1087C00D9112A /* Debug */ = {
			isa = XCBuildConfiguration;
			buildSettings = {
				ALWAYS_SEARCH_USER_PATHS = NO;
				CLANG_ANALYZER_NONNULL = YES;
				CLANG_ANALYZER_NUMBER_OBJECT_CONVERSION = YES_AGGRESSIVE;
				CLANG_CXX_LANGUAGE_STANDARD = "gnu++20";
				CLANG_ENABLE_MODULES = YES;
				CLANG_ENABLE_OBJC_ARC = YES;
				CLANG_ENABLE_OBJC_WEAK = YES;
				CLANG_WARN_BLOCK_CAPTURE_AUTORELEASING = YES;
				CLANG_WARN_BOOL_CONVERSION = YES;
				CLANG_WARN_COMMA = YES;
				CLANG_WARN_CONSTANT_CONVERSION = YES;
				CLANG_WARN_DEPRECATED_OBJC_IMPLEMENTATIONS = YES;
				CLANG_WARN_DIRECT_OBJC_ISA_USAGE = YES_ERROR;
				CLANG_WARN_DOCUMENTATION_COMMENTS = YES;
				CLANG_WARN_EMPTY_BODY = YES;
				CLANG_WARN_ENUM_CONVERSION = YES;
				CLANG_WARN_INFINITE_RECURSION = YES;
				CLANG_WARN_INT_CONVERSION = YES;
				CLANG_WARN_NON_LITERAL_NULL_CONVERSION = YES;
				CLANG_WARN_OBJC_IMPLICIT_RETAIN_SELF = YES;
				CLANG_WARN_OBJC_LITERAL_CONVERSION = YES;
				CLANG_WARN_OBJC_ROOT_CLASS = YES_ERROR;
				CLANG_WARN_QUOTED_INCLUDE_IN_FRAMEWORK_HEADER = YES;
				CLANG_WARN_RANGE_LOOP_ANALYSIS = YES;
				CLANG_WARN_STRICT_PROTOTYPES = YES;
				CLANG_WARN_SUSPICIOUS_MOVE = YES;
				CLANG_WARN_UNGUARDED_AVAILABILITY = YES_AGGRESSIVE;
				CLANG_WARN_UNREACHABLE_CODE = YES;
				CLANG_WARN__DUPLICATE_METHOD_MATCH = YES;
				COPY_PHASE_STRIP = NO;
				DEBUG_INFORMATION_FORMAT = dwarf;
				ENABLE_STRICT_OBJC_MSGSEND = YES;
				ENABLE_TESTABILITY = YES;
				GCC_C_LANGUAGE_STANDARD = gnu11;
				GCC_DYNAMIC_NO_PIC = NO;
				GCC_NO_COMMON_BLOCKS = YES;
				GCC_OPTIMIZATION_LEVEL = 0;
				GCC_PREPROCESSOR_DEFINITIONS = (
					"DEBUG=1",
					"$(inherited)",
				);
				GCC_WARN_64_TO_32_BIT_CONVERSION = YES;
				GCC_WARN_ABOUT_RETURN_TYPE = YES_ERROR;
				GCC_WARN_UNDECLARED_SELECTOR = YES;
				GCC_WARN_UNINITIALIZED_AUTOS = YES_AGGRESSIVE;
				GCC_WARN_UNUSED_FUNCTION = YES;
				GCC_WARN_UNUSED_VARIABLE = YES;
				IPHONEOS_DEPLOYMENT_TARGET = 16.1;
				MTL_ENABLE_DEBUG_INFO = INCLUDE_SOURCE;
				MTL_FAST_MATH = YES;
				ONLY_ACTIVE_ARCH = YES;
				SDKROOT = iphoneos;
				SWIFT_ACTIVE_COMPILATION_CONDITIONS = DEBUG;
				SWIFT_OPTIMIZATION_LEVEL = "-Onone";
			};
			name = Debug;
		};
		213845882BF1087C00D9112A /* Release */ = {
			isa = XCBuildConfiguration;
			buildSettings = {
				ALWAYS_SEARCH_USER_PATHS = NO;
				CLANG_ANALYZER_NONNULL = YES;
				CLANG_ANALYZER_NUMBER_OBJECT_CONVERSION = YES_AGGRESSIVE;
				CLANG_CXX_LANGUAGE_STANDARD = "gnu++20";
				CLANG_ENABLE_MODULES = YES;
				CLANG_ENABLE_OBJC_ARC = YES;
				CLANG_ENABLE_OBJC_WEAK = YES;
				CLANG_WARN_BLOCK_CAPTURE_AUTORELEASING = YES;
				CLANG_WARN_BOOL_CONVERSION = YES;
				CLANG_WARN_COMMA = YES;
				CLANG_WARN_CONSTANT_CONVERSION = YES;
				CLANG_WARN_DEPRECATED_OBJC_IMPLEMENTATIONS = YES;
				CLANG_WARN_DIRECT_OBJC_ISA_USAGE = YES_ERROR;
				CLANG_WARN_DOCUMENTATION_COMMENTS = YES;
				CLANG_WARN_EMPTY_BODY = YES;
				CLANG_WARN_ENUM_CONVERSION = YES;
				CLANG_WARN_INFINITE_RECURSION = YES;
				CLANG_WARN_INT_CONVERSION = YES;
				CLANG_WARN_NON_LITERAL_NULL_CONVERSION = YES;
				CLANG_WARN_OBJC_IMPLICIT_RETAIN_SELF = YES;
				CLANG_WARN_OBJC_LITERAL_CONVERSION = YES;
				CLANG_WARN_OBJC_ROOT_CLASS = YES_ERROR;
				CLANG_WARN_QUOTED_INCLUDE_IN_FRAMEWORK_HEADER = YES;
				CLANG_WARN_RANGE_LOOP_ANALYSIS = YES;
				CLANG_WARN_STRICT_PROTOTYPES = YES;
				CLANG_WARN_SUSPICIOUS_MOVE = YES;
				CLANG_WARN_UNGUARDED_AVAILABILITY = YES_AGGRESSIVE;
				CLANG_WARN_UNREACHABLE_CODE = YES;
				CLANG_WARN__DUPLICATE_METHOD_MATCH = YES;
				COPY_PHASE_STRIP = NO;
				DEBUG_INFORMATION_FORMAT = "dwarf-with-dsym";
				ENABLE_NS_ASSERTIONS = NO;
				ENABLE_STRICT_OBJC_MSGSEND = YES;
				GCC_C_LANGUAGE_STANDARD = gnu11;
				GCC_NO_COMMON_BLOCKS = YES;
				GCC_WARN_64_TO_32_BIT_CONVERSION = YES;
				GCC_WARN_ABOUT_RETURN_TYPE = YES_ERROR;
				GCC_WARN_UNDECLARED_SELECTOR = YES;
				GCC_WARN_UNINITIALIZED_AUTOS = YES_AGGRESSIVE;
				GCC_WARN_UNUSED_FUNCTION = YES;
				GCC_WARN_UNUSED_VARIABLE = YES;
				IPHONEOS_DEPLOYMENT_TARGET = 16.1;
				MTL_ENABLE_DEBUG_INFO = NO;
				MTL_FAST_MATH = YES;
				SDKROOT = iphoneos;
				SWIFT_COMPILATION_MODE = wholemodule;
				SWIFT_OPTIMIZATION_LEVEL = "-O";
				VALIDATE_PRODUCT = YES;
			};
			name = Release;
		};
		2138458A2BF1087C00D9112A /* Debug */ = {
			isa = XCBuildConfiguration;
			buildSettings = {
				ASSETCATALOG_COMPILER_APPICON_NAME = AppIcon;
				ASSETCATALOG_COMPILER_GLOBAL_ACCENT_COLOR_NAME = AccentColor;
				CODE_SIGN_STYLE = Automatic;
				CURRENT_PROJECT_VERSION = 1;
				DEVELOPMENT_ASSET_PATHS = "\"stanfordTrialApp/Preview Content\"";
				DEVELOPMENT_TEAM = MLB596KPM6;
				ENABLE_PREVIEWS = YES;
				GENERATE_INFOPLIST_FILE = YES;
				INFOPLIST_KEY_UIApplicationSceneManifest_Generation = YES;
				INFOPLIST_KEY_UIApplicationSupportsIndirectInputEvents = YES;
				INFOPLIST_KEY_UILaunchScreen_Generation = YES;
				INFOPLIST_KEY_UISupportedInterfaceOrientations_iPad = "UIInterfaceOrientationPortrait UIInterfaceOrientationPortraitUpsideDown UIInterfaceOrientationLandscapeLeft UIInterfaceOrientationLandscapeRight";
				INFOPLIST_KEY_UISupportedInterfaceOrientations_iPhone = "UIInterfaceOrientationPortrait UIInterfaceOrientationLandscapeLeft UIInterfaceOrientationLandscapeRight";
				LD_RUNPATH_SEARCH_PATHS = (
					"$(inherited)",
					"@executable_path/Frameworks",
				);
				MARKETING_VERSION = 1.0;
				PRODUCT_BUNDLE_IDENTIFIER = yash.stanfordTrialApp;
				PRODUCT_NAME = "$(TARGET_NAME)";
				SWIFT_EMIT_LOC_STRINGS = YES;
				SWIFT_VERSION = 5.0;
				TARGETED_DEVICE_FAMILY = "1,2";
			};
			name = Debug;
		};
		2138458B2BF1087C00D9112A /* Release */ = {
			isa = XCBuildConfiguration;
			buildSettings = {
				ASSETCATALOG_COMPILER_APPICON_NAME = AppIcon;
				ASSETCATALOG_COMPILER_GLOBAL_ACCENT_COLOR_NAME = AccentColor;
				CODE_SIGN_STYLE = Automatic;
				CURRENT_PROJECT_VERSION = 1;
				DEVELOPMENT_ASSET_PATHS = "\"stanfordTrialApp/Preview Content\"";
				DEVELOPMENT_TEAM = MLB596KPM6;
				ENABLE_PREVIEWS = YES;
				GENERATE_INFOPLIST_FILE = YES;
				INFOPLIST_KEY_UIApplicationSceneManifest_Generation = YES;
				INFOPLIST_KEY_UIApplicationSupportsIndirectInputEvents = YES;
				INFOPLIST_KEY_UILaunchScreen_Generation = YES;
				INFOPLIST_KEY_UISupportedInterfaceOrientations_iPad = "UIInterfaceOrientationPortrait UIInterfaceOrientationPortraitUpsideDown UIInterfaceOrientationLandscapeLeft UIInterfaceOrientationLandscapeRight";
				INFOPLIST_KEY_UISupportedInterfaceOrientations_iPhone = "UIInterfaceOrientationPortrait UIInterfaceOrientationLandscapeLeft UIInterfaceOrientationLandscapeRight";
				LD_RUNPATH_SEARCH_PATHS = (
					"$(inherited)",
					"@executable_path/Frameworks",
				);
				MARKETING_VERSION = 1.0;
				PRODUCT_BUNDLE_IDENTIFIER = yash.stanfordTrialApp;
				PRODUCT_NAME = "$(TARGET_NAME)";
				SWIFT_EMIT_LOC_STRINGS = YES;
				SWIFT_VERSION = 5.0;
				TARGETED_DEVICE_FAMILY = "1,2";
			};
			name = Release;
		};
		2138458D2BF1087C00D9112A /* Debug */ = {
			isa = XCBuildConfiguration;
			buildSettings = {
				ALWAYS_EMBED_SWIFT_STANDARD_LIBRARIES = YES;
				BUNDLE_LOADER = "$(TEST_HOST)";
				CODE_SIGN_STYLE = Automatic;
				CURRENT_PROJECT_VERSION = 1;
				DEVELOPMENT_TEAM = MLB596KPM6;
				GENERATE_INFOPLIST_FILE = YES;
				IPHONEOS_DEPLOYMENT_TARGET = 16.1;
				MARKETING_VERSION = 1.0;
				PRODUCT_BUNDLE_IDENTIFIER = yash.stanfordTrialAppTests;
				PRODUCT_NAME = "$(TARGET_NAME)";
				SWIFT_EMIT_LOC_STRINGS = NO;
				SWIFT_VERSION = 5.0;
				TARGETED_DEVICE_FAMILY = "1,2";
				TEST_HOST = "$(BUILT_PRODUCTS_DIR)/stanfordTrialApp.app/$(BUNDLE_EXECUTABLE_FOLDER_PATH)/stanfordTrialApp";
			};
			name = Debug;
		};
		2138458E2BF1087C00D9112A /* Release */ = {
			isa = XCBuildConfiguration;
			buildSettings = {
				ALWAYS_EMBED_SWIFT_STANDARD_LIBRARIES = YES;
				BUNDLE_LOADER = "$(TEST_HOST)";
				CODE_SIGN_STYLE = Automatic;
				CURRENT_PROJECT_VERSION = 1;
				DEVELOPMENT_TEAM = MLB596KPM6;
				GENERATE_INFOPLIST_FILE = YES;
				IPHONEOS_DEPLOYMENT_TARGET = 16.1;
				MARKETING_VERSION = 1.0;
				PRODUCT_BUNDLE_IDENTIFIER = yash.stanfordTrialAppTests;
				PRODUCT_NAME = "$(TARGET_NAME)";
				SWIFT_EMIT_LOC_STRINGS = NO;
				SWIFT_VERSION = 5.0;
				TARGETED_DEVICE_FAMILY = "1,2";
				TEST_HOST = "$(BUILT_PRODUCTS_DIR)/stanfordTrialApp.app/$(BUNDLE_EXECUTABLE_FOLDER_PATH)/stanfordTrialApp";
			};
			name = Release;
		};
		213845902BF1087C00D9112A /* Debug */ = {
			isa = XCBuildConfiguration;
			buildSettings = {
				ALWAYS_EMBED_SWIFT_STANDARD_LIBRARIES = YES;
				CODE_SIGN_STYLE = Automatic;
				CURRENT_PROJECT_VERSION = 1;
				DEVELOPMENT_TEAM = MLB596KPM6;
				GENERATE_INFOPLIST_FILE = YES;
				MARKETING_VERSION = 1.0;
				PRODUCT_BUNDLE_IDENTIFIER = yash.stanfordTrialAppUITests;
				PRODUCT_NAME = "$(TARGET_NAME)";
				SWIFT_EMIT_LOC_STRINGS = NO;
				SWIFT_VERSION = 5.0;
				TARGETED_DEVICE_FAMILY = "1,2";
				TEST_TARGET_NAME = stanfordTrialApp;
			};
			name = Debug;
		};
		213845912BF1087C00D9112A /* Release */ = {
			isa = XCBuildConfiguration;
			buildSettings = {
				ALWAYS_EMBED_SWIFT_STANDARD_LIBRARIES = YES;
				CODE_SIGN_STYLE = Automatic;
				CURRENT_PROJECT_VERSION = 1;
				DEVELOPMENT_TEAM = MLB596KPM6;
				GENERATE_INFOPLIST_FILE = YES;
				MARKETING_VERSION = 1.0;
				PRODUCT_BUNDLE_IDENTIFIER = yash.stanfordTrialAppUITests;
				PRODUCT_NAME = "$(TARGET_NAME)";
				SWIFT_EMIT_LOC_STRINGS = NO;
				SWIFT_VERSION = 5.0;
				TARGETED_DEVICE_FAMILY = "1,2";
				TEST_TARGET_NAME = stanfordTrialApp;
			};
			name = Release;
		};
/* End XCBuildConfiguration section */

/* Begin XCConfigurationList section */
		2138455A2BF1087A00D9112A /* Build configuration list for PBXProject "stanfordTrialApp" */ = {
			isa = XCConfigurationList;
			buildConfigurations = (
				213845872BF1087C00D9112A /* Debug */,
				213845882BF1087C00D9112A /* Release */,
			);
			defaultConfigurationIsVisible = 0;
			defaultConfigurationName = Release;
		};
		213845892BF1087C00D9112A /* Build configuration list for PBXNativeTarget "stanfordTrialApp" */ = {
			isa = XCConfigurationList;
			buildConfigurations = (
				2138458A2BF1087C00D9112A /* Debug */,
				2138458B2BF1087C00D9112A /* Release */,
			);
			defaultConfigurationIsVisible = 0;
			defaultConfigurationName = Release;
		};
		2138458C2BF1087C00D9112A /* Build configuration list for PBXNativeTarget "stanfordTrialAppTests" */ = {
			isa = XCConfigurationList;
			buildConfigurations = (
				2138458D2BF1087C00D9112A /* Debug */,
				2138458E2BF1087C00D9112A /* Release */,
			);
			defaultConfigurationIsVisible = 0;
			defaultConfigurationName = Release;
		};
		2138458F2BF1087C00D9112A /* Build configuration list for PBXNativeTarget "stanfordTrialAppUITests" */ = {
			isa = XCConfigurationList;
			buildConfigurations = (
				213845902BF1087C00D9112A /* Debug */,
				213845912BF1087C00D9112A /* Release */,
			);
			defaultConfigurationIsVisible = 0;
			defaultConfigurationName = Release;
		};
/* End XCConfigurationList section */

/* Begin XCVersionGroup section */
		2138456D2BF1087C00D9112A /* stanfordTrialApp.xcdatamodeld */ = {
			isa = XCVersionGroup;
			children = (
				2138456E2BF1087C00D9112A /* stanfordTrialApp.xcdatamodel */,
			);
			currentVersion = 2138456E2BF1087C00D9112A /* stanfordTrialApp.xcdatamodel */;
			path = stanfordTrialApp.xcdatamodeld;
			sourceTree = "<group>";
			versionGroupType = wrapper.xcdatamodel;
		};
/* End XCVersionGroup section */
	};
	rootObject = 213845572BF1087A00D9112A /* Project object */;
}
